
Microsoft Visual Studio Solution File, Format Version 12.00
# Visual Studio Version 17
VisualStudioVersion = 17.5.002.0
MinimumVisualStudioVersion = 10.0.40219.1
Project("{9A19103F-16F7-4668-BE54-9A1E7A4F7556}") = "Web-dev-book-store", "Web-dev-book-store.csproj", "{AFBCEB88-AF83-456D-B063-00B55B2E349B}"
EndProject
Global
	GlobalSection(SolutionConfigurationPlatforms) = preSolution
		Debug|Any CPU = Debug|Any CPU
		Release|Any CPU = Release|Any CPU
	EndGlobalSection
	GlobalSection(ProjectConfigurationPlatforms) = postSolution
		{AFBCEB88-AF83-456D-B063-00B55B2E349B}.Debug|Any CPU.ActiveCfg = Debug|Any CPU
		{AFBCEB88-AF83-456D-B063-00B55B2E349B}.Debug|Any CPU.Build.0 = Debug|Any CPU
		{AFBCEB88-AF83-456D-B063-00B55B2E349B}.Release|Any CPU.ActiveCfg = Release|Any CPU
		{AFBCEB88-AF83-456D-B063-00B55B2E349B}.Release|Any CPU.Build.0 = Release|Any CPU
	EndGlobalSection
	GlobalSection(SolutionProperties) = preSolution
		HideSolutionNode = FALSE
	EndGlobalSection
	GlobalSection(ExtensibilityGlobals) = postSolution
		SolutionGuid = {DB688CF8-BD39-41F8-B625-3F46BC35EC67}
	EndGlobalSection
EndGlobal
